
Microsoft Visual Studio Solution File, Format Version 12.00
# Visual Studio Version 17
VisualStudioVersion = 17.11.35017.193
MinimumVisualStudioVersion = 10.0.40219.1
Project("{FAE04EC0-301F-11D3-BF4B-00C04F79EFBC}") = "TicketPriceCalculatorApp", "TicketPriceCalculatorApp\TicketPriceCalculatorApp.csproj", "{8A331F90-5E0E-4D81-B09D-88F36F7E2E15}"
EndProject
Global
	GlobalSection(SolutionConfigurationPlatforms) = preSolution
		Debug|Any CPU = Debug|Any CPU
		Release|Any CPU = Release|Any CPU
	EndGlobalSection
	GlobalSection(ProjectConfigurationPlatforms) = postSolution
		{8A331F90-5E0E-4D81-B09D-88F36F7E2E15}.Debug|Any CPU.ActiveCfg = Debug|Any CPU
		{8A331F90-5E0E-4D81-B09D-88F36F7E2E15}.Debug|Any CPU.Build.0 = Debug|Any CPU
		{8A331F90-5E0E-4D81-B09D-88F36F7E2E15}.Release|Any CPU.ActiveCfg = Release|Any CPU
		{8A331F90-5E0E-4D81-B09D-88F36F7E2E15}.Release|Any CPU.Build.0 = Release|Any CPU
	EndGlobalSection
	GlobalSection(SolutionProperties) = preSolution
		HideSolutionNode = FALSE
	EndGlobalSection
	GlobalSection(ExtensibilityGlobals) = postSolution
		SolutionGuid = {F9467F45-D13A-4953-B59B-F0DD2E0AA36D}
	EndGlobalSection
EndGlobal
